{
	"name": "@newrelic/browser-agent-core",
	"version": "0.0.9",
	"lockfileVersion": 2,
	"requires": true,
	"packages": {
		"": {
			"name": "@newrelic/browser-agent-core",
			"version": "0.0.0",
			"license": "Apache-2.0",
			"dependencies": {
				"lodash._slice": "^2.4.1"
			}
		},
		"node_modules/lodash._slice": {
			"version": "2.4.1",
			"resolved": "https://registry.npmjs.org/lodash._slice/-/lodash._slice-2.4.1.tgz",
			"integrity": "sha1-dFz0GlNZexj2iImFREBe+isG2Q8="
		}
	},
	"dependencies": {
		"lodash._slice": {
			"version": "2.4.1",
			"resolved": "https://registry.npmjs.org/lodash._slice/-/lodash._slice-2.4.1.tgz",
			"integrity": "sha1-dFz0GlNZexj2iImFREBe+isG2Q8="
		}
	}
}
