{
  "name": "browser-agent-wrapper",
  "version": "1.0.0",
  "lockfileVersion": 2,
  "requires": true,
  "packages": {
    "": {
      "name": "browser-agent-wrapper",
      "version": "1.0.0",
      "license": "ISC",
      "dependencies": {
        "@newrelic/browser-agent": "file:../../../temp/newrelic-browser-agent-0.1.228.tgz"
      },
      "devDependencies": {}
    },
    "node_modules/@newrelic/browser-agent": {
      "version": "0.1.228",
      "resolved": "file:../../../temp/newrelic-browser-agent-0.1.228.tgz",
      "integrity": "sha512-fHehbun56NfynBtGS5nUcr0TAwh2rDIIUPDDJhXzWZozqntygbX1lClF2wjffFmbGEoj2Oz/lglpqfsEIXEUPA==",
      "license": "Apache-2.0",
      "dependencies": {
        "core-js": "^3.26.0",
        "lodash._slice": "^2.4.1",
        "web-vitals": "^3.1.0"
      }
    },
    "node_modules/core-js": {
      "version": "3.29.1",
      "resolved": "https://registry.npmjs.org/core-js/-/core-js-3.29.1.tgz",
      "integrity": "sha512-+jwgnhg6cQxKYIIjGtAHq2nwUOolo9eoFZ4sHfUH09BLXBgxnH4gA0zEd+t+BO2cNB8idaBtZFcFTRjQJRJmAw==",
      "hasInstallScript": true,
      "funding": {
        "type": "opencollective",
        "url": "https://opencollective.com/core-js"
      }
    },
    "node_modules/lodash._slice": {
      "version": "2.4.1",
      "resolved": "https://registry.npmjs.org/lodash._slice/-/lodash._slice-2.4.1.tgz",
      "integrity": "sha512-+odPJa4PE2UgYnQgJgkLs0UD03QU78R2ivhrFnG9GdtYOZdE6ObxOj7KiUEUlqOOgatFT+ZqSypFjDSduTigKg=="
    },
    "node_modules/web-vitals": {
      "version": "3.3.0",
      "resolved": "https://registry.npmjs.org/web-vitals/-/web-vitals-3.3.0.tgz",
      "integrity": "sha512-GZsEmJBNclIpViS/7QVOTr7Kbt4BgLeR7kQ5zCCtJVuiWsA+K6xTXaoEXssvl8yYFICEyNmA2Nr+vgBYTnS4bA=="
    }
  },
  "dependencies": {
    "@newrelic/browser-agent": {
      "version": "file:../../../temp/newrelic-browser-agent-0.1.228.tgz",
      "integrity": "sha512-fHehbun56NfynBtGS5nUcr0TAwh2rDIIUPDDJhXzWZozqntygbX1lClF2wjffFmbGEoj2Oz/lglpqfsEIXEUPA==",
      "requires": {
        "core-js": "^3.26.0",
        "lodash._slice": "^2.4.1",
        "web-vitals": "^3.1.0"
      }
    },
    "core-js": {
      "version": "3.29.1",
      "resolved": "https://registry.npmjs.org/core-js/-/core-js-3.29.1.tgz",
      "integrity": "sha512-+jwgnhg6cQxKYIIjGtAHq2nwUOolo9eoFZ4sHfUH09BLXBgxnH4gA0zEd+t+BO2cNB8idaBtZFcFTRjQJRJmAw=="
    },
    "lodash._slice": {
      "version": "2.4.1",
      "resolved": "https://registry.npmjs.org/lodash._slice/-/lodash._slice-2.4.1.tgz",
      "integrity": "sha512-+odPJa4PE2UgYnQgJgkLs0UD03QU78R2ivhrFnG9GdtYOZdE6ObxOj7KiUEUlqOOgatFT+ZqSypFjDSduTigKg=="
    },
    "web-vitals": {
      "version": "3.3.0",
      "resolved": "https://registry.npmjs.org/web-vitals/-/web-vitals-3.3.0.tgz",
      "integrity": "sha512-GZsEmJBNclIpViS/7QVOTr7Kbt4BgLeR7kQ5zCCtJVuiWsA+K6xTXaoEXssvl8yYFICEyNmA2Nr+vgBYTnS4bA=="
    }
  }
}
