{
  "name": "@newrelic/browser-agent.actions.build-ab",
  "lockfileVersion": 3,
  "requires": true,
  "packages": {
    "": {
      "name": "@newrelic/browser-agent.actions.build-ab",
      "devDependencies": {
        "@aws-sdk/client-s3": "^3.385.0",
        "@aws-sdk/client-sts": "^3.385.0",
        "@newrelic/browser-agent.actions.shared-utils": "file:../shared-utils",
        "handlebars": "^4.7.8",
        "node-fetch": "^3.3.2",
        "uuid": "^9.0.0",
        "yargs": "^17.7.2"
      }
    },
    "../shared-utils": {
      "dev": true
    },
    "node_modules/@aws-crypto/crc32": {
      "version": "3.0.0",
      "dev": true,
      "license": "Apache-2.0",
      "dependencies": {
        "@aws-crypto/util": "^3.0.0",
        "@aws-sdk/types": "^3.222.0",
        "tslib": "^1.11.1"
      }
    },
    "node_modules/@aws-crypto/crc32/node_modules/tslib": {
      "version": "1.14.1",
      "dev": true,
      "license": "0BSD"
    },
    "node_modules/@aws-crypto/crc32c": {
      "version": "3.0.0",
      "dev": true,
      "license": "Apache-2.0",
      "dependencies": {
        "@aws-crypto/util": "^3.0.0",
        "@aws-sdk/types": "^3.222.0",
        "tslib": "^1.11.1"
      }
    },
    "node_modules/@aws-crypto/crc32c/node_modules/tslib": {
      "version": "1.14.1",
      "dev": true,
      "license": "0BSD"
    },
    "node_modules/@aws-crypto/ie11-detection": {
      "version": "3.0.0",
      "dev": true,
      "license": "Apache-2.0",
      "dependencies": {
        "tslib": "^1.11.1"
      }
    },
    "node_modules/@aws-crypto/ie11-detection/node_modules/tslib": {
      "version": "1.14.1",
      "dev": true,
      "license": "0BSD"
    },
    "node_modules/@aws-crypto/sha1-browser": {
      "version": "3.0.0",
      "dev": true,
      "license": "Apache-2.0",
      "dependencies": {
        "@aws-crypto/ie11-detection": "^3.0.0",
        "@aws-crypto/supports-web-crypto": "^3.0.0",
        "@aws-crypto/util": "^3.0.0",
        "@aws-sdk/types": "^3.222.0",
        "@aws-sdk/util-locate-window": "^3.0.0",
        "@aws-sdk/util-utf8-browser": "^3.0.0",
        "tslib": "^1.11.1"
      }
    },
    "node_modules/@aws-crypto/sha1-browser/node_modules/tslib": {
      "version": "1.14.1",
      "dev": true,
      "license": "0BSD"
    },
    "node_modules/@aws-crypto/sha256-browser": {
      "version": "3.0.0",
      "dev": true,
      "license": "Apache-2.0",
      "dependencies": {
        "@aws-crypto/ie11-detection": "^3.0.0",
        "@aws-crypto/sha256-js": "^3.0.0",
        "@aws-crypto/supports-web-crypto": "^3.0.0",
        "@aws-crypto/util": "^3.0.0",
        "@aws-sdk/types": "^3.222.0",
        "@aws-sdk/util-locate-window": "^3.0.0",
        "@aws-sdk/util-utf8-browser": "^3.0.0",
        "tslib": "^1.11.1"
      }
    },
    "node_modules/@aws-crypto/sha256-browser/node_modules/tslib": {
      "version": "1.14.1",
      "dev": true,
      "license": "0BSD"
    },
    "node_modules/@aws-crypto/sha256-js": {
      "version": "3.0.0",
      "dev": true,
      "license": "Apache-2.0",
      "dependencies": {
        "@aws-crypto/util": "^3.0.0",
        "@aws-sdk/types": "^3.222.0",
        "tslib": "^1.11.1"
      }
    },
    "node_modules/@aws-crypto/sha256-js/node_modules/tslib": {
      "version": "1.14.1",
      "dev": true,
      "license": "0BSD"
    },
    "node_modules/@aws-crypto/supports-web-crypto": {
      "version": "3.0.0",
      "dev": true,
      "license": "Apache-2.0",
      "dependencies": {
        "tslib": "^1.11.1"
      }
    },
    "node_modules/@aws-crypto/supports-web-crypto/node_modules/tslib": {
      "version": "1.14.1",
      "dev": true,
      "license": "0BSD"
    },
    "node_modules/@aws-crypto/util": {
      "version": "3.0.0",
      "dev": true,
      "license": "Apache-2.0",
      "dependencies": {
        "@aws-sdk/types": "^3.222.0",
        "@aws-sdk/util-utf8-browser": "^3.0.0",
        "tslib": "^1.11.1"
      }
    },
    "node_modules/@aws-crypto/util/node_modules/tslib": {
      "version": "1.14.1",
      "dev": true,
      "license": "0BSD"
    },
    "node_modules/@aws-sdk/client-s3": {
      "version": "3.400.0",
      "dev": true,
      "license": "Apache-2.0",
      "dependencies": {
        "@aws-crypto/sha1-browser": "3.0.0",
        "@aws-crypto/sha256-browser": "3.0.0",
        "@aws-crypto/sha256-js": "3.0.0",
        "@aws-sdk/client-sts": "3.398.0",
        "@aws-sdk/credential-provider-node": "3.398.0",
        "@aws-sdk/middleware-bucket-endpoint": "3.398.0",
        "@aws-sdk/middleware-expect-continue": "3.398.0",
        "@aws-sdk/middleware-flexible-checksums": "3.400.0",
        "@aws-sdk/middleware-host-header": "3.398.0",
        "@aws-sdk/middleware-location-constraint": "3.398.0",
        "@aws-sdk/middleware-logger": "3.398.0",
        "@aws-sdk/middleware-recursion-detection": "3.398.0",
        "@aws-sdk/middleware-sdk-s3": "3.398.0",
        "@aws-sdk/middleware-signing": "3.398.0",
        "@aws-sdk/middleware-ssec": "3.398.0",
        "@aws-sdk/middleware-user-agent": "3.398.0",
        "@aws-sdk/signature-v4-multi-region": "3.398.0",
        "@aws-sdk/types": "3.398.0",
        "@aws-sdk/util-endpoints": "3.398.0",
        "@aws-sdk/util-user-agent-browser": "3.398.0",
        "@aws-sdk/util-user-agent-node": "3.398.0",
        "@aws-sdk/xml-builder": "3.310.0",
        "@smithy/config-resolver": "^2.0.5",
        "@smithy/eventstream-serde-browser": "^2.0.5",
        "@smithy/eventstream-serde-config-resolver": "^2.0.5",
        "@smithy/eventstream-serde-node": "^2.0.5",
        "@smithy/fetch-http-handler": "^2.0.5",
        "@smithy/hash-blob-browser": "^2.0.5",
        "@smithy/hash-node": "^2.0.5",
        "@smithy/hash-stream-node": "^2.0.5",
        "@smithy/invalid-dependency": "^2.0.5",
        "@smithy/md5-js": "^2.0.5",
        "@smithy/middleware-content-length": "^2.0.5",
        "@smithy/middleware-endpoint": "^2.0.5",
        "@smithy/middleware-retry": "^2.0.5",
        "@smithy/middleware-serde": "^2.0.5",
        "@smithy/middleware-stack": "^2.0.0",
        "@smithy/node-config-provider": "^2.0.5",
        "@smithy/node-http-handler": "^2.0.5",
        "@smithy/protocol-http": "^2.0.5",
        "@smithy/smithy-client": "^2.0.5",
        "@smithy/types": "^2.2.2",
        "@smithy/url-parser": "^2.0.5",
        "@smithy/util-base64": "^2.0.0",
        "@smithy/util-body-length-browser": "^2.0.0",
        "@smithy/util-body-length-node": "^2.1.0",
        "@smithy/util-defaults-mode-browser": "^2.0.5",
        "@smithy/util-defaults-mode-node": "^2.0.5",
        "@smithy/util-retry": "^2.0.0",
        "@smithy/util-stream": "^2.0.5",
        "@smithy/util-utf8": "^2.0.0",
        "@smithy/util-waiter": "^2.0.5",
        "fast-xml-parser": "4.2.5",
        "tslib": "^2.5.0"
      },
      "engines": {
        "node": ">=14.0.0"
      }
    },
    "node_modules/@aws-sdk/client-sso": {
      "version": "3.398.0",
      "dev": true,
      "license": "Apache-2.0",
      "dependencies": {
        "@aws-crypto/sha256-browser": "3.0.0",
        "@aws-crypto/sha256-js": "3.0.0",
        "@aws-sdk/middleware-host-header": "3.398.0",
        "@aws-sdk/middleware-logger": "3.398.0",
        "@aws-sdk/middleware-recursion-detection": "3.398.0",
        "@aws-sdk/middleware-user-agent": "3.398.0",
        "@aws-sdk/types": "3.398.0",
        "@aws-sdk/util-endpoints": "3.398.0",
        "@aws-sdk/util-user-agent-browser": "3.398.0",
        "@aws-sdk/util-user-agent-node": "3.398.0",
        "@smithy/config-resolver": "^2.0.5",
        "@smithy/fetch-http-handler": "^2.0.5",
        "@smithy/hash-node": "^2.0.5",
        "@smithy/invalid-dependency": "^2.0.5",
        "@smithy/middleware-content-length": "^2.0.5",
        "@smithy/middleware-endpoint": "^2.0.5",
        "@smithy/middleware-retry": "^2.0.5",
        "@smithy/middleware-serde": "^2.0.5",
        "@smithy/middleware-stack": "^2.0.0",
        "@smithy/node-config-provider": "^2.0.5",
        "@smithy/node-http-handler": "^2.0.5",
        "@smithy/protocol-http": "^2.0.5",
        "@smithy/smithy-client": "^2.0.5",
        "@smithy/types": "^2.2.2",
        "@smithy/url-parser": "^2.0.5",
        "@smithy/util-base64": "^2.0.0",
        "@smithy/util-body-length-browser": "^2.0.0",
        "@smithy/util-body-length-node": "^2.1.0",
        "@smithy/util-defaults-mode-browser": "^2.0.5",
        "@smithy/util-defaults-mode-node": "^2.0.5",
        "@smithy/util-retry": "^2.0.0",
        "@smithy/util-utf8": "^2.0.0",
        "tslib": "^2.5.0"
      },
      "engines": {
        "node": ">=14.0.0"
      }
    },
    "node_modules/@aws-sdk/client-sts": {
      "version": "3.398.0",
      "dev": true,
      "license": "Apache-2.0",
      "dependencies": {
        "@aws-crypto/sha256-browser": "3.0.0",
        "@aws-crypto/sha256-js": "3.0.0",
        "@aws-sdk/credential-provider-node": "3.398.0",
        "@aws-sdk/middleware-host-header": "3.398.0",
        "@aws-sdk/middleware-logger": "3.398.0",
        "@aws-sdk/middleware-recursion-detection": "3.398.0",
        "@aws-sdk/middleware-sdk-sts": "3.398.0",
        "@aws-sdk/middleware-signing": "3.398.0",
        "@aws-sdk/middleware-user-agent": "3.398.0",
        "@aws-sdk/types": "3.398.0",
        "@aws-sdk/util-endpoints": "3.398.0",
        "@aws-sdk/util-user-agent-browser": "3.398.0",
        "@aws-sdk/util-user-agent-node": "3.398.0",
        "@smithy/config-resolver": "^2.0.5",
        "@smithy/fetch-http-handler": "^2.0.5",
        "@smithy/hash-node": "^2.0.5",
        "@smithy/invalid-dependency": "^2.0.5",
        "@smithy/middleware-content-length": "^2.0.5",
        "@smithy/middleware-endpoint": "^2.0.5",
        "@smithy/middleware-retry": "^2.0.5",
        "@smithy/middleware-serde": "^2.0.5",
        "@smithy/middleware-stack": "^2.0.0",
        "@smithy/node-config-provider": "^2.0.5",
        "@smithy/node-http-handler": "^2.0.5",
        "@smithy/protocol-http": "^2.0.5",
        "@smithy/smithy-client": "^2.0.5",
        "@smithy/types": "^2.2.2",
        "@smithy/url-parser": "^2.0.5",
        "@smithy/util-base64": "^2.0.0",
        "@smithy/util-body-length-browser": "^2.0.0",
        "@smithy/util-body-length-node": "^2.1.0",
        "@smithy/util-defaults-mode-browser": "^2.0.5",
        "@smithy/util-defaults-mode-node": "^2.0.5",
        "@smithy/util-retry": "^2.0.0",
        "@smithy/util-utf8": "^2.0.0",
        "fast-xml-parser": "4.2.5",
        "tslib": "^2.5.0"
      },
      "engines": {
        "node": ">=14.0.0"
      }
    },
    "node_modules/@aws-sdk/credential-provider-env": {
      "version": "3.398.0",
      "dev": true,
      "license": "Apache-2.0",
      "dependencies": {
        "@aws-sdk/types": "3.398.0",
        "@smithy/property-provider": "^2.0.0",
        "@smithy/types": "^2.2.2",
        "tslib": "^2.5.0"
      },
      "engines": {
        "node": ">=14.0.0"
      }
    },
    "node_modules/@aws-sdk/credential-provider-ini": {
      "version": "3.398.0",
      "dev": true,
      "license": "Apache-2.0",
      "dependencies": {
        "@aws-sdk/credential-provider-env": "3.398.0",
        "@aws-sdk/credential-provider-process": "3.398.0",
        "@aws-sdk/credential-provider-sso": "3.398.0",
        "@aws-sdk/credential-provider-web-identity": "3.398.0",
        "@aws-sdk/types": "3.398.0",
        "@smithy/credential-provider-imds": "^2.0.0",
        "@smithy/property-provider": "^2.0.0",
        "@smithy/shared-ini-file-loader": "^2.0.0",
        "@smithy/types": "^2.2.2",
        "tslib": "^2.5.0"
      },
      "engines": {
        "node": ">=14.0.0"
      }
    },
    "node_modules/@aws-sdk/credential-provider-node": {
      "version": "3.398.0",
      "dev": true,
      "license": "Apache-2.0",
      "dependencies": {
        "@aws-sdk/credential-provider-env": "3.398.0",
        "@aws-sdk/credential-provider-ini": "3.398.0",
        "@aws-sdk/credential-provider-process": "3.398.0",
        "@aws-sdk/credential-provider-sso": "3.398.0",
        "@aws-sdk/credential-provider-web-identity": "3.398.0",
        "@aws-sdk/types": "3.398.0",
        "@smithy/credential-provider-imds": "^2.0.0",
        "@smithy/property-provider": "^2.0.0",
        "@smithy/shared-ini-file-loader": "^2.0.0",
        "@smithy/types": "^2.2.2",
        "tslib": "^2.5.0"
      },
      "engines": {
        "node": ">=14.0.0"
      }
    },
    "node_modules/@aws-sdk/credential-provider-process": {
      "version": "3.398.0",
      "dev": true,
      "license": "Apache-2.0",
      "dependencies": {
        "@aws-sdk/types": "3.398.0",
        "@smithy/property-provider": "^2.0.0",
        "@smithy/shared-ini-file-loader": "^2.0.0",
        "@smithy/types": "^2.2.2",
        "tslib": "^2.5.0"
      },
      "engines": {
        "node": ">=14.0.0"
      }
    },
    "node_modules/@aws-sdk/credential-provider-sso": {
      "version": "3.398.0",
      "dev": true,
      "license": "Apache-2.0",
      "dependencies": {
        "@aws-sdk/client-sso": "3.398.0",
        "@aws-sdk/token-providers": "3.398.0",
        "@aws-sdk/types": "3.398.0",
        "@smithy/property-provider": "^2.0.0",
        "@smithy/shared-ini-file-loader": "^2.0.0",
        "@smithy/types": "^2.2.2",
        "tslib": "^2.5.0"
      },
      "engines": {
        "node": ">=14.0.0"
      }
    },
    "node_modules/@aws-sdk/credential-provider-web-identity": {
      "version": "3.398.0",
      "dev": true,
      "license": "Apache-2.0",
      "dependencies": {
        "@aws-sdk/types": "3.398.0",
        "@smithy/property-provider": "^2.0.0",
        "@smithy/types": "^2.2.2",
        "tslib": "^2.5.0"
      },
      "engines": {
        "node": ">=14.0.0"
      }
    },
    "node_modules/@aws-sdk/middleware-bucket-endpoint": {
      "version": "3.398.0",
      "dev": true,
      "license": "Apache-2.0",
      "dependencies": {
        "@aws-sdk/types": "3.398.0",
        "@aws-sdk/util-arn-parser": "3.310.0",
        "@smithy/protocol-http": "^2.0.5",
        "@smithy/types": "^2.2.2",
        "@smithy/util-config-provider": "^2.0.0",
        "tslib": "^2.5.0"
      },
      "engines": {
        "node": ">=14.0.0"
      }
    },
    "node_modules/@aws-sdk/middleware-expect-continue": {
      "version": "3.398.0",
      "dev": true,
      "license": "Apache-2.0",
      "dependencies": {
        "@aws-sdk/types": "3.398.0",
        "@smithy/protocol-http": "^2.0.5",
        "@smithy/types": "^2.2.2",
        "tslib": "^2.5.0"
      },
      "engines": {
        "node": ">=14.0.0"
      }
    },
    "node_modules/@aws-sdk/middleware-flexible-checksums": {
      "version": "3.400.0",
      "dev": true,
      "license": "Apache-2.0",
      "dependencies": {
        "@aws-crypto/crc32": "3.0.0",
        "@aws-crypto/crc32c": "3.0.0",
        "@aws-sdk/types": "3.398.0",
        "@smithy/is-array-buffer": "^2.0.0",
        "@smithy/protocol-http": "^2.0.5",
        "@smithy/types": "^2.2.2",
        "@smithy/util-utf8": "^2.0.0",
        "tslib": "^2.5.0"
      },
      "engines": {
        "node": ">=14.0.0"
      }
    },
    "node_modules/@aws-sdk/middleware-host-header": {
      "version": "3.398.0",
      "dev": true,
      "license": "Apache-2.0",
      "dependencies": {
        "@aws-sdk/types": "3.398.0",
        "@smithy/protocol-http": "^2.0.5",
        "@smithy/types": "^2.2.2",
        "tslib": "^2.5.0"
      },
      "engines": {
        "node": ">=14.0.0"
      }
    },
    "node_modules/@aws-sdk/middleware-location-constraint": {
      "version": "3.398.0",
      "dev": true,
      "license": "Apache-2.0",
      "dependencies": {
        "@aws-sdk/types": "3.398.0",
        "@smithy/types": "^2.2.2",
        "tslib": "^2.5.0"
      },
      "engines": {
        "node": ">=14.0.0"
      }
    },
    "node_modules/@aws-sdk/middleware-logger": {
      "version": "3.398.0",
      "dev": true,
      "license": "Apache-2.0",
      "dependencies": {
        "@aws-sdk/types": "3.398.0",
        "@smithy/types": "^2.2.2",
        "tslib": "^2.5.0"
      },
      "engines": {
        "node": ">=14.0.0"
      }
    },
    "node_modules/@aws-sdk/middleware-recursion-detection": {
      "version": "3.398.0",
      "dev": true,
      "license": "Apache-2.0",
      "dependencies": {
        "@aws-sdk/types": "3.398.0",
        "@smithy/protocol-http": "^2.0.5",
        "@smithy/types": "^2.2.2",
        "tslib": "^2.5.0"
      },
      "engines": {
        "node": ">=14.0.0"
      }
    },
    "node_modules/@aws-sdk/middleware-sdk-s3": {
      "version": "3.398.0",
      "dev": true,
      "license": "Apache-2.0",
      "dependencies": {
        "@aws-sdk/types": "3.398.0",
        "@aws-sdk/util-arn-parser": "3.310.0",
        "@smithy/protocol-http": "^2.0.5",
        "@smithy/types": "^2.2.2",
        "tslib": "^2.5.0"
      },
      "engines": {
        "node": ">=14.0.0"
      }
    },
    "node_modules/@aws-sdk/middleware-sdk-sts": {
      "version": "3.398.0",
      "dev": true,
      "license": "Apache-2.0",
      "dependencies": {
        "@aws-sdk/middleware-signing": "3.398.0",
        "@aws-sdk/types": "3.398.0",
        "@smithy/types": "^2.2.2",
        "tslib": "^2.5.0"
      },
      "engines": {
        "node": ">=14.0.0"
      }
    },
    "node_modules/@aws-sdk/middleware-signing": {
      "version": "3.398.0",
      "dev": true,
      "license": "Apache-2.0",
      "dependencies": {
        "@aws-sdk/types": "3.398.0",
        "@smithy/property-provider": "^2.0.0",
        "@smithy/protocol-http": "^2.0.5",
        "@smithy/signature-v4": "^2.0.0",
        "@smithy/types": "^2.2.2",
        "@smithy/util-middleware": "^2.0.0",
        "tslib": "^2.5.0"
      },
      "engines": {
        "node": ">=14.0.0"
      }
    },
    "node_modules/@aws-sdk/middleware-ssec": {
      "version": "3.398.0",
      "dev": true,
      "license": "Apache-2.0",
      "dependencies": {
        "@aws-sdk/types": "3.398.0",
        "@smithy/types": "^2.2.2",
        "tslib": "^2.5.0"
      },
      "engines": {
        "node": ">=14.0.0"
      }
    },
    "node_modules/@aws-sdk/middleware-user-agent": {
      "version": "3.398.0",
      "dev": true,
      "license": "Apache-2.0",
      "dependencies": {
        "@aws-sdk/types": "3.398.0",
        "@aws-sdk/util-endpoints": "3.398.0",
        "@smithy/protocol-http": "^2.0.5",
        "@smithy/types": "^2.2.2",
        "tslib": "^2.5.0"
      },
      "engines": {
        "node": ">=14.0.0"
      }
    },
    "node_modules/@aws-sdk/signature-v4-multi-region": {
      "version": "3.398.0",
      "dev": true,
      "license": "Apache-2.0",
      "dependencies": {
        "@aws-sdk/types": "3.398.0",
        "@smithy/protocol-http": "^2.0.5",
        "@smithy/signature-v4": "^2.0.0",
        "@smithy/types": "^2.2.2",
        "tslib": "^2.5.0"
      },
      "engines": {
        "node": ">=14.0.0"
      },
      "peerDependencies": {
        "@aws-sdk/signature-v4-crt": "^3.118.0"
      },
      "peerDependenciesMeta": {
        "@aws-sdk/signature-v4-crt": {
          "optional": true
        }
      }
    },
    "node_modules/@aws-sdk/token-providers": {
      "version": "3.398.0",
      "dev": true,
      "license": "Apache-2.0",
      "dependencies": {
        "@aws-crypto/sha256-browser": "3.0.0",
        "@aws-crypto/sha256-js": "3.0.0",
        "@aws-sdk/middleware-host-header": "3.398.0",
        "@aws-sdk/middleware-logger": "3.398.0",
        "@aws-sdk/middleware-recursion-detection": "3.398.0",
        "@aws-sdk/middleware-user-agent": "3.398.0",
        "@aws-sdk/types": "3.398.0",
        "@aws-sdk/util-endpoints": "3.398.0",
        "@aws-sdk/util-user-agent-browser": "3.398.0",
        "@aws-sdk/util-user-agent-node": "3.398.0",
        "@smithy/config-resolver": "^2.0.5",
        "@smithy/fetch-http-handler": "^2.0.5",
        "@smithy/hash-node": "^2.0.5",
        "@smithy/invalid-dependency": "^2.0.5",
        "@smithy/middleware-content-length": "^2.0.5",
        "@smithy/middleware-endpoint": "^2.0.5",
        "@smithy/middleware-retry": "^2.0.5",
        "@smithy/middleware-serde": "^2.0.5",
        "@smithy/middleware-stack": "^2.0.0",
        "@smithy/node-config-provider": "^2.0.5",
        "@smithy/node-http-handler": "^2.0.5",
        "@smithy/property-provider": "^2.0.0",
        "@smithy/protocol-http": "^2.0.5",
        "@smithy/shared-ini-file-loader": "^2.0.0",
        "@smithy/smithy-client": "^2.0.5",
        "@smithy/types": "^2.2.2",
        "@smithy/url-parser": "^2.0.5",
        "@smithy/util-base64": "^2.0.0",
        "@smithy/util-body-length-browser": "^2.0.0",
        "@smithy/util-body-length-node": "^2.1.0",
        "@smithy/util-defaults-mode-browser": "^2.0.5",
        "@smithy/util-defaults-mode-node": "^2.0.5",
        "@smithy/util-retry": "^2.0.0",
        "@smithy/util-utf8": "^2.0.0",
        "tslib": "^2.5.0"
      },
      "engines": {
        "node": ">=14.0.0"
      }
    },
    "node_modules/@aws-sdk/types": {
      "version": "3.398.0",
      "dev": true,
      "license": "Apache-2.0",
      "dependencies": {
        "@smithy/types": "^2.2.2",
        "tslib": "^2.5.0"
      },
      "engines": {
        "node": ">=14.0.0"
      }
    },
    "node_modules/@aws-sdk/util-arn-parser": {
      "version": "3.310.0",
      "dev": true,
      "license": "Apache-2.0",
      "dependencies": {
        "tslib": "^2.5.0"
      },
      "engines": {
        "node": ">=14.0.0"
      }
    },
    "node_modules/@aws-sdk/util-endpoints": {
      "version": "3.398.0",
      "dev": true,
      "license": "Apache-2.0",
      "dependencies": {
        "@aws-sdk/types": "3.398.0",
        "tslib": "^2.5.0"
      },
      "engines": {
        "node": ">=14.0.0"
      }
    },
    "node_modules/@aws-sdk/util-locate-window": {
      "version": "3.310.0",
      "dev": true,
      "license": "Apache-2.0",
      "dependencies": {
        "tslib": "^2.5.0"
      },
      "engines": {
        "node": ">=14.0.0"
      }
    },
    "node_modules/@aws-sdk/util-user-agent-browser": {
      "version": "3.398.0",
      "dev": true,
      "license": "Apache-2.0",
      "dependencies": {
        "@aws-sdk/types": "3.398.0",
        "@smithy/types": "^2.2.2",
        "bowser": "^2.11.0",
        "tslib": "^2.5.0"
      }
    },
    "node_modules/@aws-sdk/util-user-agent-node": {
      "version": "3.398.0",
      "dev": true,
      "license": "Apache-2.0",
      "dependencies": {
        "@aws-sdk/types": "3.398.0",
        "@smithy/node-config-provider": "^2.0.5",
        "@smithy/types": "^2.2.2",
        "tslib": "^2.5.0"
      },
      "engines": {
        "node": ">=14.0.0"
      },
      "peerDependencies": {
        "aws-crt": ">=1.0.0"
      },
      "peerDependenciesMeta": {
        "aws-crt": {
          "optional": true
        }
      }
    },
    "node_modules/@aws-sdk/util-utf8-browser": {
      "version": "3.259.0",
      "dev": true,
      "license": "Apache-2.0",
      "dependencies": {
        "tslib": "^2.3.1"
      }
    },
    "node_modules/@aws-sdk/xml-builder": {
      "version": "3.310.0",
      "dev": true,
      "license": "Apache-2.0",
      "dependencies": {
        "tslib": "^2.5.0"
      },
      "engines": {
        "node": ">=14.0.0"
      }
    },
    "node_modules/@newrelic/browser-agent.actions.shared-utils": {
      "resolved": "../shared-utils",
      "link": true
    },
    "node_modules/@smithy/abort-controller": {
      "version": "2.0.5",
      "dev": true,
      "license": "Apache-2.0",
      "dependencies": {
        "@smithy/types": "^2.2.2",
        "tslib": "^2.5.0"
      },
      "engines": {
        "node": ">=14.0.0"
      }
    },
    "node_modules/@smithy/chunked-blob-reader": {
      "version": "2.0.0",
      "dev": true,
      "license": "Apache-2.0",
      "dependencies": {
        "tslib": "^2.5.0"
      }
    },
    "node_modules/@smithy/chunked-blob-reader-native": {
      "version": "2.0.0",
      "dev": true,
      "license": "Apache-2.0",
      "dependencies": {
        "@smithy/util-base64": "^2.0.0",
        "tslib": "^2.5.0"
      }
    },
    "node_modules/@smithy/config-resolver": {
      "version": "2.0.5",
      "dev": true,
      "license": "Apache-2.0",
      "dependencies": {
        "@smithy/types": "^2.2.2",
        "@smithy/util-config-provider": "^2.0.0",
        "@smithy/util-middleware": "^2.0.0",
        "tslib": "^2.5.0"
      },
      "engines": {
        "node": ">=14.0.0"
      }
    },
    "node_modules/@smithy/credential-provider-imds": {
      "version": "2.0.5",
      "dev": true,
      "license": "Apache-2.0",
      "dependencies": {
        "@smithy/node-config-provider": "^2.0.5",
        "@smithy/property-provider": "^2.0.5",
        "@smithy/types": "^2.2.2",
        "@smithy/url-parser": "^2.0.5",
        "tslib": "^2.5.0"
      },
      "engines": {
        "node": ">=14.0.0"
      }
    },
    "node_modules/@smithy/eventstream-codec": {
      "version": "2.0.5",
      "dev": true,
      "license": "Apache-2.0",
      "dependencies": {
        "@aws-crypto/crc32": "3.0.0",
        "@smithy/types": "^2.2.2",
        "@smithy/util-hex-encoding": "^2.0.0",
        "tslib": "^2.5.0"
      }
    },
    "node_modules/@smithy/eventstream-serde-browser": {
      "version": "2.0.5",
      "dev": true,
      "license": "Apache-2.0",
      "dependencies": {
        "@smithy/eventstream-serde-universal": "^2.0.5",
        "@smithy/types": "^2.2.2",
        "tslib": "^2.5.0"
      },
      "engines": {
        "node": ">=14.0.0"
      }
    },
    "node_modules/@smithy/eventstream-serde-config-resolver": {
      "version": "2.0.5",
      "dev": true,
      "license": "Apache-2.0",
      "dependencies": {
        "@smithy/types": "^2.2.2",
        "tslib": "^2.5.0"
      },
      "engines": {
        "node": ">=14.0.0"
      }
    },
    "node_modules/@smithy/eventstream-serde-node": {
      "version": "2.0.5",
      "dev": true,
      "license": "Apache-2.0",
      "dependencies": {
        "@smithy/eventstream-serde-universal": "^2.0.5",
        "@smithy/types": "^2.2.2",
        "tslib": "^2.5.0"
      },
      "engines": {
        "node": ">=14.0.0"
      }
    },
    "node_modules/@smithy/eventstream-serde-universal": {
      "version": "2.0.5",
      "dev": true,
      "license": "Apache-2.0",
      "dependencies": {
        "@smithy/eventstream-codec": "^2.0.5",
        "@smithy/types": "^2.2.2",
        "tslib": "^2.5.0"
      },
      "engines": {
        "node": ">=14.0.0"
      }
    },
    "node_modules/@smithy/fetch-http-handler": {
      "version": "2.0.5",
      "dev": true,
      "license": "Apache-2.0",
      "dependencies": {
        "@smithy/protocol-http": "^2.0.5",
        "@smithy/querystring-builder": "^2.0.5",
        "@smithy/types": "^2.2.2",
        "@smithy/util-base64": "^2.0.0",
        "tslib": "^2.5.0"
      }
    },
    "node_modules/@smithy/hash-blob-browser": {
      "version": "2.0.5",
      "dev": true,
      "license": "Apache-2.0",
      "dependencies": {
        "@smithy/chunked-blob-reader": "^2.0.0",
        "@smithy/chunked-blob-reader-native": "^2.0.0",
        "@smithy/types": "^2.2.2",
        "tslib": "^2.5.0"
      }
    },
    "node_modules/@smithy/hash-node": {
      "version": "2.0.5",
      "dev": true,
      "license": "Apache-2.0",
      "dependencies": {
        "@smithy/types": "^2.2.2",
        "@smithy/util-buffer-from": "^2.0.0",
        "@smithy/util-utf8": "^2.0.0",
        "tslib": "^2.5.0"
      },
      "engines": {
        "node": ">=14.0.0"
      }
    },
    "node_modules/@smithy/hash-stream-node": {
      "version": "2.0.5",
      "dev": true,
      "license": "Apache-2.0",
      "dependencies": {
        "@smithy/types": "^2.2.2",
        "@smithy/util-utf8": "^2.0.0",
        "tslib": "^2.5.0"
      },
      "engines": {
        "node": ">=14.0.0"
      }
    },
    "node_modules/@smithy/invalid-dependency": {
      "version": "2.0.5",
      "dev": true,
      "license": "Apache-2.0",
      "dependencies": {
        "@smithy/types": "^2.2.2",
        "tslib": "^2.5.0"
      }
    },
    "node_modules/@smithy/is-array-buffer": {
      "version": "2.0.0",
      "dev": true,
      "license": "Apache-2.0",
      "dependencies": {
        "tslib": "^2.5.0"
      },
      "engines": {
        "node": ">=14.0.0"
      }
    },
    "node_modules/@smithy/md5-js": {
      "version": "2.0.5",
      "dev": true,
      "license": "Apache-2.0",
      "dependencies": {
        "@smithy/types": "^2.2.2",
        "@smithy/util-utf8": "^2.0.0",
        "tslib": "^2.5.0"
      }
    },
    "node_modules/@smithy/middleware-content-length": {
      "version": "2.0.5",
      "dev": true,
      "license": "Apache-2.0",
      "dependencies": {
        "@smithy/protocol-http": "^2.0.5",
        "@smithy/types": "^2.2.2",
        "tslib": "^2.5.0"
      },
      "engines": {
        "node": ">=14.0.0"
      }
    },
    "node_modules/@smithy/middleware-endpoint": {
      "version": "2.0.5",
      "dev": true,
      "license": "Apache-2.0",
      "dependencies": {
        "@smithy/middleware-serde": "^2.0.5",
        "@smithy/types": "^2.2.2",
        "@smithy/url-parser": "^2.0.5",
        "@smithy/util-middleware": "^2.0.0",
        "tslib": "^2.5.0"
      },
      "engines": {
        "node": ">=14.0.0"
      }
    },
    "node_modules/@smithy/middleware-retry": {
      "version": "2.0.5",
      "dev": true,
      "license": "Apache-2.0",
      "dependencies": {
        "@smithy/protocol-http": "^2.0.5",
        "@smithy/service-error-classification": "^2.0.0",
        "@smithy/types": "^2.2.2",
        "@smithy/util-middleware": "^2.0.0",
        "@smithy/util-retry": "^2.0.0",
        "tslib": "^2.5.0",
        "uuid": "^8.3.2"
      },
      "engines": {
        "node": ">=14.0.0"
      }
    },
    "node_modules/@smithy/middleware-retry/node_modules/uuid": {
      "version": "8.3.2",
      "dev": true,
      "license": "MIT",
      "bin": {
        "uuid": "dist/bin/uuid"
      }
    },
    "node_modules/@smithy/middleware-serde": {
      "version": "2.0.5",
      "dev": true,
      "license": "Apache-2.0",
      "dependencies": {
        "@smithy/types": "^2.2.2",
        "tslib": "^2.5.0"
      },
      "engines": {
        "node": ">=14.0.0"
      }
    },
    "node_modules/@smithy/middleware-stack": {
      "version": "2.0.0",
      "dev": true,
      "license": "Apache-2.0",
      "dependencies": {
        "tslib": "^2.5.0"
      },
      "engines": {
        "node": ">=14.0.0"
      }
    },
    "node_modules/@smithy/node-config-provider": {
      "version": "2.0.5",
      "dev": true,
      "license": "Apache-2.0",
      "dependencies": {
        "@smithy/property-provider": "^2.0.5",
        "@smithy/shared-ini-file-loader": "^2.0.5",
        "@smithy/types": "^2.2.2",
        "tslib": "^2.5.0"
      },
      "engines": {
        "node": ">=14.0.0"
      }
    },
    "node_modules/@smithy/node-http-handler": {
      "version": "2.0.5",
      "dev": true,
      "license": "Apache-2.0",
      "dependencies": {
        "@smithy/abort-controller": "^2.0.5",
        "@smithy/protocol-http": "^2.0.5",
        "@smithy/querystring-builder": "^2.0.5",
        "@smithy/types": "^2.2.2",
        "tslib": "^2.5.0"
      },
      "engines": {
        "node": ">=14.0.0"
      }
    },
    "node_modules/@smithy/property-provider": {
      "version": "2.0.5",
      "dev": true,
      "license": "Apache-2.0",
      "dependencies": {
        "@smithy/types": "^2.2.2",
        "tslib": "^2.5.0"
      },
      "engines": {
        "node": ">=14.0.0"
      }
    },
    "node_modules/@smithy/protocol-http": {
      "version": "2.0.5",
      "dev": true,
      "license": "Apache-2.0",
      "dependencies": {
        "@smithy/types": "^2.2.2",
        "tslib": "^2.5.0"
      },
      "engines": {
        "node": ">=14.0.0"
      }
    },
    "node_modules/@smithy/querystring-builder": {
      "version": "2.0.5",
      "dev": true,
      "license": "Apache-2.0",
      "dependencies": {
        "@smithy/types": "^2.2.2",
        "@smithy/util-uri-escape": "^2.0.0",
        "tslib": "^2.5.0"
      },
      "engines": {
        "node": ">=14.0.0"
      }
    },
    "node_modules/@smithy/querystring-parser": {
      "version": "2.0.5",
      "dev": true,
      "license": "Apache-2.0",
      "dependencies": {
        "@smithy/types": "^2.2.2",
        "tslib": "^2.5.0"
      },
      "engines": {
        "node": ">=14.0.0"
      }
    },
    "node_modules/@smithy/service-error-classification": {
      "version": "2.0.0",
      "dev": true,
      "license": "Apache-2.0",
      "engines": {
        "node": ">=14.0.0"
      }
    },
    "node_modules/@smithy/shared-ini-file-loader": {
      "version": "2.0.5",
      "dev": true,
      "license": "Apache-2.0",
      "dependencies": {
        "@smithy/types": "^2.2.2",
        "tslib": "^2.5.0"
      },
      "engines": {
        "node": ">=14.0.0"
      }
    },
    "node_modules/@smithy/signature-v4": {
      "version": "2.0.5",
      "dev": true,
      "license": "Apache-2.0",
      "dependencies": {
        "@smithy/eventstream-codec": "^2.0.5",
        "@smithy/is-array-buffer": "^2.0.0",
        "@smithy/types": "^2.2.2",
        "@smithy/util-hex-encoding": "^2.0.0",
        "@smithy/util-middleware": "^2.0.0",
        "@smithy/util-uri-escape": "^2.0.0",
        "@smithy/util-utf8": "^2.0.0",
        "tslib": "^2.5.0"
      },
      "engines": {
        "node": ">=14.0.0"
      }
    },
    "node_modules/@smithy/smithy-client": {
      "version": "2.0.5",
      "dev": true,
      "license": "Apache-2.0",
      "dependencies": {
        "@smithy/middleware-stack": "^2.0.0",
        "@smithy/types": "^2.2.2",
        "@smithy/util-stream": "^2.0.5",
        "tslib": "^2.5.0"
      },
      "engines": {
        "node": ">=14.0.0"
      }
    },
    "node_modules/@smithy/types": {
      "version": "2.2.2",
      "dev": true,
      "license": "Apache-2.0",
      "dependencies": {
        "tslib": "^2.5.0"
      },
      "engines": {
        "node": ">=14.0.0"
      }
    },
    "node_modules/@smithy/url-parser": {
      "version": "2.0.5",
      "dev": true,
      "license": "Apache-2.0",
      "dependencies": {
        "@smithy/querystring-parser": "^2.0.5",
        "@smithy/types": "^2.2.2",
        "tslib": "^2.5.0"
      }
    },
    "node_modules/@smithy/util-base64": {
      "version": "2.0.0",
      "dev": true,
      "license": "Apache-2.0",
      "dependencies": {
        "@smithy/util-buffer-from": "^2.0.0",
        "tslib": "^2.5.0"
      },
      "engines": {
        "node": ">=14.0.0"
      }
    },
    "node_modules/@smithy/util-body-length-browser": {
      "version": "2.0.0",
      "dev": true,
      "license": "Apache-2.0",
      "dependencies": {
        "tslib": "^2.5.0"
      }
    },
    "node_modules/@smithy/util-body-length-node": {
      "version": "2.1.0",
      "dev": true,
      "license": "Apache-2.0",
      "dependencies": {
        "tslib": "^2.5.0"
      },
      "engines": {
        "node": ">=14.0.0"
      }
    },
    "node_modules/@smithy/util-buffer-from": {
      "version": "2.0.0",
      "dev": true,
      "license": "Apache-2.0",
      "dependencies": {
        "@smithy/is-array-buffer": "^2.0.0",
        "tslib": "^2.5.0"
      },
      "engines": {
        "node": ">=14.0.0"
      }
    },
    "node_modules/@smithy/util-config-provider": {
      "version": "2.0.0",
      "dev": true,
      "license": "Apache-2.0",
      "dependencies": {
        "tslib": "^2.5.0"
      },
      "engines": {
        "node": ">=14.0.0"
      }
    },
    "node_modules/@smithy/util-defaults-mode-browser": {
      "version": "2.0.5",
      "dev": true,
      "license": "Apache-2.0",
      "dependencies": {
        "@smithy/property-provider": "^2.0.5",
        "@smithy/types": "^2.2.2",
        "bowser": "^2.11.0",
        "tslib": "^2.5.0"
      },
      "engines": {
        "node": ">= 10.0.0"
      }
    },
    "node_modules/@smithy/util-defaults-mode-node": {
      "version": "2.0.5",
      "dev": true,
      "license": "Apache-2.0",
      "dependencies": {
        "@smithy/config-resolver": "^2.0.5",
        "@smithy/credential-provider-imds": "^2.0.5",
        "@smithy/node-config-provider": "^2.0.5",
        "@smithy/property-provider": "^2.0.5",
        "@smithy/types": "^2.2.2",
        "tslib": "^2.5.0"
      },
      "engines": {
        "node": ">= 10.0.0"
      }
    },
    "node_modules/@smithy/util-hex-encoding": {
      "version": "2.0.0",
      "dev": true,
      "license": "Apache-2.0",
      "dependencies": {
        "tslib": "^2.5.0"
      },
      "engines": {
        "node": ">=14.0.0"
      }
    },
    "node_modules/@smithy/util-middleware": {
      "version": "2.0.0",
      "dev": true,
      "license": "Apache-2.0",
      "dependencies": {
        "tslib": "^2.5.0"
      },
      "engines": {
        "node": ">=14.0.0"
      }
    },
    "node_modules/@smithy/util-retry": {
      "version": "2.0.0",
      "dev": true,
      "license": "Apache-2.0",
      "dependencies": {
        "@smithy/service-error-classification": "^2.0.0",
        "tslib": "^2.5.0"
      },
      "engines": {
        "node": ">= 14.0.0"
      }
    },
    "node_modules/@smithy/util-stream": {
      "version": "2.0.5",
      "dev": true,
      "license": "Apache-2.0",
      "dependencies": {
        "@smithy/fetch-http-handler": "^2.0.5",
        "@smithy/node-http-handler": "^2.0.5",
        "@smithy/types": "^2.2.2",
        "@smithy/util-base64": "^2.0.0",
        "@smithy/util-buffer-from": "^2.0.0",
        "@smithy/util-hex-encoding": "^2.0.0",
        "@smithy/util-utf8": "^2.0.0",
        "tslib": "^2.5.0"
      },
      "engines": {
        "node": ">=14.0.0"
      }
    },
    "node_modules/@smithy/util-uri-escape": {
      "version": "2.0.0",
      "dev": true,
      "license": "Apache-2.0",
      "dependencies": {
        "tslib": "^2.5.0"
      },
      "engines": {
        "node": ">=14.0.0"
      }
    },
    "node_modules/@smithy/util-utf8": {
      "version": "2.0.0",
      "dev": true,
      "license": "Apache-2.0",
      "dependencies": {
        "@smithy/util-buffer-from": "^2.0.0",
        "tslib": "^2.5.0"
      },
      "engines": {
        "node": ">=14.0.0"
      }
    },
    "node_modules/@smithy/util-waiter": {
      "version": "2.0.5",
      "dev": true,
      "license": "Apache-2.0",
      "dependencies": {
        "@smithy/abort-controller": "^2.0.5",
        "@smithy/types": "^2.2.2",
        "tslib": "^2.5.0"
      },
      "engines": {
        "node": ">=14.0.0"
      }
    },
    "node_modules/ansi-regex": {
      "version": "5.0.1",
      "dev": true,
      "license": "MIT",
      "engines": {
        "node": ">=8"
      }
    },
    "node_modules/ansi-styles": {
      "version": "4.3.0",
      "dev": true,
      "license": "MIT",
      "dependencies": {
        "color-convert": "^2.0.1"
      },
      "engines": {
        "node": ">=8"
      },
      "funding": {
        "url": "https://github.com/chalk/ansi-styles?sponsor=1"
      }
    },
    "node_modules/bowser": {
      "version": "2.11.0",
      "dev": true,
      "license": "MIT"
    },
    "node_modules/cliui": {
      "version": "8.0.1",
      "dev": true,
      "license": "ISC",
      "dependencies": {
        "string-width": "^4.2.0",
        "strip-ansi": "^6.0.1",
        "wrap-ansi": "^7.0.0"
      },
      "engines": {
        "node": ">=12"
      }
    },
    "node_modules/color-convert": {
      "version": "2.0.1",
      "dev": true,
      "license": "MIT",
      "dependencies": {
        "color-name": "~1.1.4"
      },
      "engines": {
        "node": ">=7.0.0"
      }
    },
    "node_modules/color-name": {
      "version": "1.1.4",
      "dev": true,
      "license": "MIT"
    },
    "node_modules/data-uri-to-buffer": {
      "version": "4.0.1",
      "dev": true,
      "license": "MIT",
      "engines": {
        "node": ">= 12"
      }
    },
    "node_modules/emoji-regex": {
      "version": "8.0.0",
      "dev": true,
      "license": "MIT"
    },
    "node_modules/escalade": {
      "version": "3.1.1",
      "dev": true,
      "license": "MIT",
      "engines": {
        "node": ">=6"
      }
    },
    "node_modules/fast-xml-parser": {
      "version": "4.2.5",
      "dev": true,
      "funding": [
        {
          "type": "paypal",
          "url": "https://paypal.me/naturalintelligence"
        },
        {
          "type": "github",
          "url": "https://github.com/sponsors/NaturalIntelligence"
        }
      ],
      "license": "MIT",
      "dependencies": {
        "strnum": "^1.0.5"
      },
      "bin": {
        "fxparser": "src/cli/cli.js"
      }
    },
    "node_modules/fetch-blob": {
      "version": "3.2.0",
      "dev": true,
      "funding": [
        {
          "type": "github",
          "url": "https://github.com/sponsors/jimmywarting"
        },
        {
          "type": "paypal",
          "url": "https://paypal.me/jimmywarting"
        }
      ],
      "license": "MIT",
      "dependencies": {
        "node-domexception": "^1.0.0",
        "web-streams-polyfill": "^3.0.3"
      },
      "engines": {
        "node": "^12.20 || >= 14.13"
      }
    },
    "node_modules/formdata-polyfill": {
      "version": "4.0.10",
      "dev": true,
      "license": "MIT",
      "dependencies": {
        "fetch-blob": "^3.1.2"
      },
      "engines": {
        "node": ">=12.20.0"
      }
    },
    "node_modules/get-caller-file": {
      "version": "2.0.5",
      "dev": true,
      "license": "ISC",
      "engines": {
        "node": "6.* || 8.* || >= 10.*"
      }
    },
    "node_modules/handlebars": {
      "version": "4.7.8",
      "dev": true,
      "license": "MIT",
      "dependencies": {
        "minimist": "^1.2.5",
        "neo-async": "^2.6.2",
        "source-map": "^0.6.1",
        "wordwrap": "^1.0.0"
      },
      "bin": {
        "handlebars": "bin/handlebars"
      },
      "engines": {
        "node": ">=0.4.7"
      },
      "optionalDependencies": {
        "uglify-js": "^3.1.4"
      }
    },
    "node_modules/is-fullwidth-code-point": {
      "version": "3.0.0",
      "dev": true,
      "license": "MIT",
      "engines": {
        "node": ">=8"
      }
    },
    "node_modules/minimist": {
      "version": "1.2.8",
      "dev": true,
      "license": "MIT",
      "funding": {
        "url": "https://github.com/sponsors/ljharb"
      }
    },
    "node_modules/neo-async": {
      "version": "2.6.2",
      "dev": true,
      "license": "MIT"
    },
    "node_modules/node-domexception": {
      "version": "1.0.0",
      "dev": true,
      "funding": [
        {
          "type": "github",
          "url": "https://github.com/sponsors/jimmywarting"
        },
        {
          "type": "github",
          "url": "https://paypal.me/jimmywarting"
        }
      ],
      "license": "MIT",
      "engines": {
        "node": ">=10.5.0"
      }
    },
    "node_modules/node-fetch": {
      "version": "3.3.2",
      "dev": true,
      "license": "MIT",
      "dependencies": {
        "data-uri-to-buffer": "^4.0.0",
        "fetch-blob": "^3.1.4",
        "formdata-polyfill": "^4.0.10"
      },
      "engines": {
        "node": "^12.20.0 || ^14.13.1 || >=16.0.0"
      },
      "funding": {
        "type": "opencollective",
        "url": "https://opencollective.com/node-fetch"
      }
    },
    "node_modules/require-directory": {
      "version": "2.1.1",
      "dev": true,
      "license": "MIT",
      "engines": {
        "node": ">=0.10.0"
      }
    },
    "node_modules/source-map": {
      "version": "0.6.1",
      "dev": true,
      "license": "BSD-3-Clause",
      "engines": {
        "node": ">=0.10.0"
      }
    },
    "node_modules/string-width": {
      "version": "4.2.3",
      "dev": true,
      "license": "MIT",
      "dependencies": {
        "emoji-regex": "^8.0.0",
        "is-fullwidth-code-point": "^3.0.0",
        "strip-ansi": "^6.0.1"
      },
      "engines": {
        "node": ">=8"
      }
    },
    "node_modules/strip-ansi": {
      "version": "6.0.1",
      "dev": true,
      "license": "MIT",
      "dependencies": {
        "ansi-regex": "^5.0.1"
      },
      "engines": {
        "node": ">=8"
      }
    },
    "node_modules/strnum": {
      "version": "1.0.5",
      "dev": true,
      "license": "MIT"
    },
    "node_modules/tslib": {
      "version": "2.6.2",
      "dev": true,
      "license": "0BSD"
    },
    "node_modules/uglify-js": {
      "version": "3.17.4",
      "dev": true,
      "license": "BSD-2-Clause",
      "optional": true,
      "bin": {
        "uglifyjs": "bin/uglifyjs"
      },
      "engines": {
        "node": ">=0.8.0"
      }
    },
    "node_modules/uuid": {
      "version": "9.0.0",
      "dev": true,
      "license": "MIT",
      "bin": {
        "uuid": "dist/bin/uuid"
      }
    },
    "node_modules/web-streams-polyfill": {
      "version": "3.2.1",
      "dev": true,
      "license": "MIT",
      "engines": {
        "node": ">= 8"
      }
    },
    "node_modules/wordwrap": {
      "version": "1.0.0",
      "dev": true,
      "license": "MIT"
    },
    "node_modules/wrap-ansi": {
      "version": "7.0.0",
      "dev": true,
      "license": "MIT",
      "dependencies": {
        "ansi-styles": "^4.0.0",
        "string-width": "^4.1.0",
        "strip-ansi": "^6.0.0"
      },
      "engines": {
        "node": ">=10"
      },
      "funding": {
        "url": "https://github.com/chalk/wrap-ansi?sponsor=1"
      }
    },
    "node_modules/y18n": {
      "version": "5.0.8",
      "dev": true,
      "license": "ISC",
      "engines": {
        "node": ">=10"
      }
    },
    "node_modules/yargs": {
      "version": "17.7.2",
      "dev": true,
      "license": "MIT",
      "dependencies": {
        "cliui": "^8.0.1",
        "escalade": "^3.1.1",
        "get-caller-file": "^2.0.5",
        "require-directory": "^2.1.1",
        "string-width": "^4.2.3",
        "y18n": "^5.0.5",
        "yargs-parser": "^21.1.1"
      },
      "engines": {
        "node": ">=12"
      }
    },
    "node_modules/yargs-parser": {
      "version": "21.1.1",
      "dev": true,
      "license": "ISC",
      "engines": {
        "node": ">=12"
      }
    }
  }
}
