{
    "name": "browser-tests",
    "version": "1.0.0",
    "lockfileVersion": 2,
    "requires": true,
    "packages": {
        "": {
            "name": "browser-tests",
            "version": "1.0.0",
            "license": "ISC",
            "dependencies": {
                "@newrelic/browser-agent": "file:../../../temp/newrelic-browser-agent-1.232.1.tgz"
            }
        },
        "node_modules/@newrelic/browser-agent": {
            "version": "1.232.1",
            "resolved": "file:../../../temp/newrelic-browser-agent-1.232.1.tgz",
            "integrity": "sha512-0m6b5s7AS2G71ebvpN3jcWPyEzV12T1kRl0wVd3tveHFafwm15lp9x8E6hdo1yrxUC7AHhipnfMQfUiEz5KXzw==",
            "license": "Apache-2.0",
            "dependencies": {
                "core-js": "^3.26.0",
                "fflate": "^0.7.4",
                "rrweb": "^2.0.0-alpha.8",
                "web-vitals": "^3.1.0"
            },
            "engines": {
                "node": ">=12.17.0 < 13.0.0 || >=13.7.0"
            }
        },
        "node_modules/@rrweb/types": {
            "version": "2.0.0-alpha.8",
            "resolved": "https://registry.npmjs.org/@rrweb/types/-/types-2.0.0-alpha.8.tgz",
            "integrity": "sha512-yAr6ZQrgmr7+qZU5DMGqYXnVsolC5epftmZtkOtgFD/bbvCWflNnl09M32hUjttlKCV1ohhmQGioXkCQ37IF7A==",
            "dependencies": {
                "rrweb-snapshot": "^2.0.0-alpha.8"
            }
        },
        "node_modules/@types/css-font-loading-module": {
            "version": "0.0.7",
            "resolved": "https://registry.npmjs.org/@types/css-font-loading-module/-/css-font-loading-module-0.0.7.tgz",
            "integrity": "sha512-nl09VhutdjINdWyXxHWN/w9zlNCfr60JUqJbd24YXUuCwgeL0TpFSdElCwb6cxfB6ybE19Gjj4g0jsgkXxKv1Q=="
        },
        "node_modules/@xstate/fsm": {
            "version": "1.6.5",
            "resolved": "https://registry.npmjs.org/@xstate/fsm/-/fsm-1.6.5.tgz",
            "integrity": "sha512-b5o1I6aLNeYlU/3CPlj/Z91ybk1gUsKT+5NAJI+2W4UjvS5KLG28K9v5UvNoFVjHV8PajVZ00RH3vnjyQO7ZAw=="
        },
        "node_modules/base64-arraybuffer": {
            "version": "1.0.2",
            "resolved": "https://registry.npmjs.org/base64-arraybuffer/-/base64-arraybuffer-1.0.2.tgz",
            "integrity": "sha512-I3yl4r9QB5ZRY3XuJVEPfc2XhZO6YweFPI+UovAzn+8/hb3oJ6lnysaFcjVpkCPfVWFUDvoZ8kmVDP7WyRtYtQ==",
            "engines": {
                "node": ">= 0.6.0"
            }
        },
        "node_modules/core-js": {
            "version": "3.30.2",
            "resolved": "https://registry.npmjs.org/core-js/-/core-js-3.30.2.tgz",
            "integrity": "sha512-uBJiDmwqsbJCWHAwjrx3cvjbMXP7xD72Dmsn5LOJpiRmE3WbBbN5rCqQ2Qh6Ek6/eOrjlWngEynBWo4VxerQhg==",
            "hasInstallScript": true,
            "funding": {
                "type": "opencollective",
                "url": "https://opencollective.com/core-js"
            }
        },
        "node_modules/fflate": {
            "version": "0.7.4",
            "resolved": "https://registry.npmjs.org/fflate/-/fflate-0.7.4.tgz",
            "integrity": "sha512-5u2V/CDW15QM1XbbgS+0DfPxVB+jUKhWEKuuFuHncbk3tEEqzmoXL+2KyOFuKGqOnmdIy0/davWF1CkuwtibCw=="
        },
        "node_modules/mitt": {
            "version": "3.0.0",
            "resolved": "https://registry.npmjs.org/mitt/-/mitt-3.0.0.tgz",
            "integrity": "sha512-7dX2/10ITVyqh4aOSVI9gdape+t9l2/8QxHrFmUXu4EEUpdlxl6RudZUPZoc+zuY2hk1j7XxVroIVIan/pD/SQ=="
        },
        "node_modules/rrdom": {
            "version": "2.0.0-alpha.8",
            "resolved": "https://registry.npmjs.org/rrdom/-/rrdom-2.0.0-alpha.8.tgz",
            "integrity": "sha512-rUyeS9fSOO6uSxCdeY5bQkKQTPECIgxsOCb/WR7eA/UsVkVpdDOyCV43wxm92V2JOtqMuv+36rUpEDFW+YFjOw==",
            "dependencies": {
                "rrweb-snapshot": "^2.0.0-alpha.8"
            }
        },
        "node_modules/rrweb": {
            "version": "2.0.0-alpha.8",
            "resolved": "https://registry.npmjs.org/rrweb/-/rrweb-2.0.0-alpha.8.tgz",
            "integrity": "sha512-JtJCeUjZ91/qJ6gvLmZw/1Bxuddt06pD887shIYzGhKuOgjtvkUdhBtB5uXrV7Bvi3WELYGZr1stqBugWa9MXg==",
            "dependencies": {
                "@rrweb/types": "^2.0.0-alpha.8",
                "@types/css-font-loading-module": "0.0.7",
                "@xstate/fsm": "^1.4.0",
                "base64-arraybuffer": "^1.0.1",
                "fflate": "^0.4.4",
                "mitt": "^3.0.0",
                "rrdom": "^2.0.0-alpha.8",
                "rrweb-snapshot": "^2.0.0-alpha.8"
            }
        },
        "node_modules/rrweb-snapshot": {
            "version": "2.0.0-alpha.8",
            "resolved": "https://registry.npmjs.org/rrweb-snapshot/-/rrweb-snapshot-2.0.0-alpha.8.tgz",
            "integrity": "sha512-3Rb7c+mnDEADQ8N9qn9SDH5PzCyHlZ1cwZC932qRyt9O8kJWLM11JLYqqEyQCa2FZVQbzH2iAaCgnyM7A32p7A=="
        },
        "node_modules/rrweb/node_modules/fflate": {
            "version": "0.4.8",
            "resolved": "https://registry.npmjs.org/fflate/-/fflate-0.4.8.tgz",
            "integrity": "sha512-FJqqoDBR00Mdj9ppamLa/Y7vxm+PRmNWA67N846RvsoYVMKB4q3y/de5PA7gUmRMYK/8CMz2GDZQmCRN1wBcWA=="
        },
        "node_modules/web-vitals": {
            "version": "3.3.1",
            "resolved": "https://registry.npmjs.org/web-vitals/-/web-vitals-3.3.1.tgz",
            "integrity": "sha512-LTfY5GjcY3ngFzNsYFSYL+AmVmlWrzPTUxSMDis2rZbf+SzT7HH3NH4Y/l45XOlrAIunOBeURN9qtBHkRskAiA=="
        }
    },
    "dependencies": {
        "@newrelic/browser-agent": {
            "version": "file:../../../temp/newrelic-browser-agent-1.232.1.tgz",
            "integrity": "sha512-0m6b5s7AS2G71ebvpN3jcWPyEzV12T1kRl0wVd3tveHFafwm15lp9x8E6hdo1yrxUC7AHhipnfMQfUiEz5KXzw==",
            "requires": {
                "core-js": "^3.26.0",
                "fflate": "^0.7.4",
                "rrweb": "^2.0.0-alpha.8",
                "web-vitals": "^3.1.0"
            }
        },
        "@rrweb/types": {
            "version": "2.0.0-alpha.8",
            "resolved": "https://registry.npmjs.org/@rrweb/types/-/types-2.0.0-alpha.8.tgz",
            "integrity": "sha512-yAr6ZQrgmr7+qZU5DMGqYXnVsolC5epftmZtkOtgFD/bbvCWflNnl09M32hUjttlKCV1ohhmQGioXkCQ37IF7A==",
            "requires": {
                "rrweb-snapshot": "^2.0.0-alpha.8"
            }
        },
        "@types/css-font-loading-module": {
            "version": "0.0.7",
            "resolved": "https://registry.npmjs.org/@types/css-font-loading-module/-/css-font-loading-module-0.0.7.tgz",
            "integrity": "sha512-nl09VhutdjINdWyXxHWN/w9zlNCfr60JUqJbd24YXUuCwgeL0TpFSdElCwb6cxfB6ybE19Gjj4g0jsgkXxKv1Q=="
        },
        "@xstate/fsm": {
            "version": "1.6.5",
            "resolved": "https://registry.npmjs.org/@xstate/fsm/-/fsm-1.6.5.tgz",
            "integrity": "sha512-b5o1I6aLNeYlU/3CPlj/Z91ybk1gUsKT+5NAJI+2W4UjvS5KLG28K9v5UvNoFVjHV8PajVZ00RH3vnjyQO7ZAw=="
        },
        "base64-arraybuffer": {
            "version": "1.0.2",
            "resolved": "https://registry.npmjs.org/base64-arraybuffer/-/base64-arraybuffer-1.0.2.tgz",
            "integrity": "sha512-I3yl4r9QB5ZRY3XuJVEPfc2XhZO6YweFPI+UovAzn+8/hb3oJ6lnysaFcjVpkCPfVWFUDvoZ8kmVDP7WyRtYtQ=="
        },
        "core-js": {
            "version": "3.30.2",
            "resolved": "https://registry.npmjs.org/core-js/-/core-js-3.30.2.tgz",
            "integrity": "sha512-uBJiDmwqsbJCWHAwjrx3cvjbMXP7xD72Dmsn5LOJpiRmE3WbBbN5rCqQ2Qh6Ek6/eOrjlWngEynBWo4VxerQhg=="
        },
        "fflate": {
            "version": "0.7.4",
            "resolved": "https://registry.npmjs.org/fflate/-/fflate-0.7.4.tgz",
            "integrity": "sha512-5u2V/CDW15QM1XbbgS+0DfPxVB+jUKhWEKuuFuHncbk3tEEqzmoXL+2KyOFuKGqOnmdIy0/davWF1CkuwtibCw=="
        },
        "mitt": {
            "version": "3.0.0",
            "resolved": "https://registry.npmjs.org/mitt/-/mitt-3.0.0.tgz",
            "integrity": "sha512-7dX2/10ITVyqh4aOSVI9gdape+t9l2/8QxHrFmUXu4EEUpdlxl6RudZUPZoc+zuY2hk1j7XxVroIVIan/pD/SQ=="
        },
        "rrdom": {
            "version": "2.0.0-alpha.8",
            "resolved": "https://registry.npmjs.org/rrdom/-/rrdom-2.0.0-alpha.8.tgz",
            "integrity": "sha512-rUyeS9fSOO6uSxCdeY5bQkKQTPECIgxsOCb/WR7eA/UsVkVpdDOyCV43wxm92V2JOtqMuv+36rUpEDFW+YFjOw==",
            "requires": {
                "rrweb-snapshot": "^2.0.0-alpha.8"
            }
        },
        "rrweb": {
            "version": "2.0.0-alpha.8",
            "resolved": "https://registry.npmjs.org/rrweb/-/rrweb-2.0.0-alpha.8.tgz",
            "integrity": "sha512-JtJCeUjZ91/qJ6gvLmZw/1Bxuddt06pD887shIYzGhKuOgjtvkUdhBtB5uXrV7Bvi3WELYGZr1stqBugWa9MXg==",
            "requires": {
                "@rrweb/types": "^2.0.0-alpha.8",
                "@types/css-font-loading-module": "0.0.7",
                "@xstate/fsm": "^1.4.0",
                "base64-arraybuffer": "^1.0.1",
                "fflate": "^0.4.4",
                "mitt": "^3.0.0",
                "rrdom": "^2.0.0-alpha.8",
                "rrweb-snapshot": "^2.0.0-alpha.8"
            },
            "dependencies": {
                "fflate": {
                    "version": "0.4.8",
                    "resolved": "https://registry.npmjs.org/fflate/-/fflate-0.4.8.tgz",
                    "integrity": "sha512-FJqqoDBR00Mdj9ppamLa/Y7vxm+PRmNWA67N846RvsoYVMKB4q3y/de5PA7gUmRMYK/8CMz2GDZQmCRN1wBcWA=="
                }
            }
        },
        "rrweb-snapshot": {
            "version": "2.0.0-alpha.8",
            "resolved": "https://registry.npmjs.org/rrweb-snapshot/-/rrweb-snapshot-2.0.0-alpha.8.tgz",
            "integrity": "sha512-3Rb7c+mnDEADQ8N9qn9SDH5PzCyHlZ1cwZC932qRyt9O8kJWLM11JLYqqEyQCa2FZVQbzH2iAaCgnyM7A32p7A=="
        },
        "web-vitals": {
            "version": "3.3.1",
            "resolved": "https://registry.npmjs.org/web-vitals/-/web-vitals-3.3.1.tgz",
            "integrity": "sha512-LTfY5GjcY3ngFzNsYFSYL+AmVmlWrzPTUxSMDis2rZbf+SzT7HH3NH4Y/l45XOlrAIunOBeURN9qtBHkRskAiA=="
        }
    }
}
